{
  "version": 4,
  "terraform_version": "1.5.7",
  "serial": 22,
  "lineage": "08769eed-3ded-df13-2fbe-5bed3068ca5f",
  "outputs": {
    "amplify_app_id": {
      "value": "d3j8rx68zw0pfz",
      "type": "string"
    }
  },
  "resources": [
    {
      "mode": "managed",
      "type": "aws_amplify_app",
      "name": "github-gql",
      "provider": "provider[\"registry.terraform.io/hashicorp/aws\"]",
      "instances": [
        {
          "schema_version": 0,
          "attributes": {
            "access_token": null,
            "arn": "arn:aws:amplify:eu-central-1:161589934950:apps/d3j8rx68zw0pfz",
            "auto_branch_creation_config": [],
            "auto_branch_creation_patterns": null,
            "basic_auth_credentials": "",
            "build_spec": "version: 1\nfrontend:\n  phases:\n    preBuild:\n      commands: [\"npm install\"]\n    build:\n      commands: [\"npm run build\"]\n  artifacts:\n    baseDirectory: /dist\n    files:\n      - '**/*'\n  cache:\n    paths: []\n",
            "custom_headers": "",
            "custom_rule": [],
            "default_domain": "d3j8rx68zw0pfz.amplifyapp.com",
            "description": "",
            "enable_auto_branch_creation": false,
            "enable_basic_auth": false,
            "enable_branch_auto_build": false,
            "enable_branch_auto_deletion": false,
            "environment_variables": {
              "ENV_VAR_NAME": "Environment Variable Value"
            },
            "iam_service_role_arn": "",
            "id": "d3j8rx68zw0pfz",
            "name": "github-gql",
            "oauth_token": "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",
            "platform": "WEB",
            "production_branch": [],
            "repository": "https://github.com/gharbiamine/github-GQL-API-search/",
            "tags": null,
            "tags_all": {}
          },
          "sensitive_attributes": [],
          "private": "bnVsbA=="
        }
      ]
    },
    {
      "mode": "managed",
      "type": "aws_amplify_branch",
      "name": "amplify_branch",
      "provider": "provider[\"registry.terraform.io/hashicorp/aws\"]",
      "instances": [
        {
          "schema_version": 0,
          "attributes": {
            "app_id": "d3j8rx68zw0pfz",
            "arn": "arn:aws:amplify:eu-central-1:161589934950:apps/d3j8rx68zw0pfz/branches/main",
            "associated_resources": [],
            "backend_environment_arn": "",
            "basic_auth_credentials": "",
            "branch_name": "main",
            "custom_domains": [],
            "description": "",
            "destination_branch": "",
            "display_name": "main",
            "enable_auto_build": true,
            "enable_basic_auth": false,
            "enable_notification": false,
            "enable_performance_mode": false,
            "enable_pull_request_preview": false,
            "environment_variables": null,
            "framework": "",
            "id": "d3j8rx68zw0pfz/main",
            "pull_request_environment_name": "",
            "source_branch": "",
            "stage": "NONE",
            "tags": null,
            "tags_all": {},
            "ttl": "5"
          },
          "sensitive_attributes": [],
          "private": "bnVsbA==",
          "dependencies": [
            "aws_amplify_app.github-gql"
          ]
        }
      ]
    },
    {
      "mode": "managed",
      "type": "aws_instance",
      "name": "web-server",
      "provider": "provider[\"registry.terraform.io/hashicorp/aws\"]",
      "instances": [
        {
          "schema_version": 1,
          "attributes": {
            "ami": "ami-06dd92ecc74fdfb36",
            "arn": "arn:aws:ec2:eu-central-1:161589934950:instance/i-01db0ef0678b776cf",
            "associate_public_ip_address": false,
            "availability_zone": "eu-central-1a",
            "capacity_reservation_specification": [
              {
                "capacity_reservation_preference": "open",
                "capacity_reservation_target": []
              }
            ],
            "cpu_core_count": 1,
            "cpu_options": [
              {
                "amd_sev_snp": "",
                "core_count": 1,
                "threads_per_core": 1
              }
            ],
            "cpu_threads_per_core": 1,
            "credit_specification": [
              {
                "cpu_credits": "standard"
              }
            ],
            "disable_api_stop": false,
            "disable_api_termination": false,
            "ebs_block_device": [],
            "ebs_optimized": false,
            "enclave_options": [
              {
                "enabled": false
              }
            ],
            "ephemeral_block_device": [],
            "get_password_data": false,
            "hibernation": false,
            "host_id": "",
            "host_resource_group_arn": null,
            "iam_instance_profile": "",
            "id": "i-01db0ef0678b776cf",
            "instance_initiated_shutdown_behavior": "stop",
            "instance_lifecycle": "",
            "instance_market_options": [],
            "instance_state": "stopped",
            "instance_type": "t2.micro",
            "ipv6_address_count": 0,
            "ipv6_addresses": [],
            "key_name": "",
            "launch_template": [],
            "maintenance_options": [
              {
                "auto_recovery": "default"
              }
            ],
            "metadata_options": [
              {
                "http_endpoint": "enabled",
                "http_protocol_ipv6": "disabled",
                "http_put_response_hop_limit": 1,
                "http_tokens": "optional",
                "instance_metadata_tags": "disabled"
              }
            ],
            "monitoring": false,
            "network_interface": [],
            "outpost_arn": "",
            "password_data": "",
            "placement_group": "",
            "placement_partition_number": 0,
            "primary_network_interface_id": "eni-05272f758f40b4cd2",
            "private_dns": "ip-172-31-29-46.eu-central-1.compute.internal",
            "private_dns_name_options": [
              {
                "enable_resource_name_dns_a_record": false,
                "enable_resource_name_dns_aaaa_record": false,
                "hostname_type": "ip-name"
              }
            ],
            "private_ip": "172.31.29.46",
            "public_dns": "",
            "public_ip": "",
            "root_block_device": [
              {
                "delete_on_termination": true,
                "device_name": "/dev/sda1",
                "encrypted": false,
                "iops": 100,
                "kms_key_id": "",
                "tags": {},
                "throughput": 0,
                "volume_id": "vol-049307cd6ab8bdcd3",
                "volume_size": 8,
                "volume_type": "gp2"
              }
            ],
            "secondary_private_ips": [],
            "security_groups": [
              "default"
            ],
            "source_dest_check": true,
            "spot_instance_request_id": "",
            "subnet_id": "subnet-00056e086be3f2235",
            "tags": {
              "Name": "github-gql-front"
            },
            "tags_all": {
              "Name": "github-gql-front"
            },
            "tenancy": "default",
            "timeouts": null,
            "user_data": null,
            "user_data_base64": null,
            "user_data_replace_on_change": false,
            "volume_tags": null,
            "vpc_security_group_ids": [
              "sg-0f0c2d6a952a8cfda"
            ]
          },
          "sensitive_attributes": [],
          "private": "eyJlMmJmYjczMC1lY2FhLTExZTYtOGY4OC0zNDM2M2JjN2M0YzAiOnsiY3JlYXRlIjo2MDAwMDAwMDAwMDAsImRlbGV0ZSI6MTIwMDAwMDAwMDAwMCwidXBkYXRlIjo2MDAwMDAwMDAwMDB9LCJzY2hlbWFfdmVyc2lvbiI6IjEifQ=="
        }
      ]
    }
  ],
  "check_results": null
}
